// !$*UTF8*$!
{
	archiveVersion = 1;
	classes = {
	};
	objectVersion = 56;
	objects = {

/* Begin PBXBuildFile section */
		62494A4D2C4E94230067AF5E /* HomeViewController.swift in Sources */ = {isa = PBXBuildFile; fileRef = 62494A4C2C4E94230067AF5E /* HomeViewController.swift */; };
		62494A572C4E95920067AF5E /* HomeVideoCell.swift in Sources */ = {isa = PBXBuildFile; fileRef = 62494A552C4E95920067AF5E /* HomeVideoCell.swift */; };
		62494A582C4E95920067AF5E /* HomeVideoCell.xib in Resources */ = {isa = PBXBuildFile; fileRef = 62494A562C4E95920067AF5E /* HomeVideoCell.xib */; };
		62DA1FFE2C4FB2D100A58052 /* HomeSection.swift in Sources */ = {isa = PBXBuildFile; fileRef = 62DA1FFD2C4FB2D100A58052 /* HomeSection.swift */; };
		62FC978A2C4E778A005D3A00 /* AppDelegate.swift in Sources */ = {isa = PBXBuildFile; fileRef = 62FC97892C4E778A005D3A00 /* AppDelegate.swift */; };
		62FC978C2C4E778A005D3A00 /* SceneDelegate.swift in Sources */ = {isa = PBXBuildFile; fileRef = 62FC978B2C4E778A005D3A00 /* SceneDelegate.swift */; };
		62FC978E2C4E778A005D3A00 /* LoginViewController.swift in Sources */ = {isa = PBXBuildFile; fileRef = 62FC978D2C4E778A005D3A00 /* LoginViewController.swift */; };
		62FC97912C4E778A005D3A00 /* Base in Resources */ = {isa = PBXBuildFile; fileRef = 62FC97902C4E778A005D3A00 /* Base */; };
		62FC97932C4E778B005D3A00 /* Assets.xcassets in Resources */ = {isa = PBXBuildFile; fileRef = 62FC97922C4E778B005D3A00 /* Assets.xcassets */; };
		62FC97962C4E778B005D3A00 /* Base in Resources */ = {isa = PBXBuildFile; fileRef = 62FC97952C4E778B005D3A00 /* Base */; };
		62FC97A12C4E778B005D3A00 /* KTVTests.swift in Sources */ = {isa = PBXBuildFile; fileRef = 62FC97A02C4E778B005D3A00 /* KTVTests.swift */; };
		62FC97AB2C4E778B005D3A00 /* KTVUITests.swift in Sources */ = {isa = PBXBuildFile; fileRef = 62FC97AA2C4E778B005D3A00 /* KTVUITests.swift */; };
		62FC97AD2C4E778B005D3A00 /* KTVUITestsLaunchTests.swift in Sources */ = {isa = PBXBuildFile; fileRef = 62FC97AC2C4E778B005D3A00 /* KTVUITestsLaunchTests.swift */; };
		62FC97BA2C4E7E50005D3A00 /* Colors.xcassets in Resources */ = {isa = PBXBuildFile; fileRef = 62FC97B92C4E7E50005D3A00 /* Colors.xcassets */; };
/* End PBXBuildFile section */

/* Begin PBXContainerItemProxy section */
		62FC979D2C4E778B005D3A00 /* PBXContainerItemProxy */ = {
			isa = PBXContainerItemProxy;
			containerPortal = 62FC977E2C4E778A005D3A00 /* Project object */;
			proxyType = 1;
			remoteGlobalIDString = 62FC97852C4E778A005D3A00;
			remoteInfo = KTV;
		};
		62FC97A72C4E778B005D3A00 /* PBXContainerItemProxy */ = {
			isa = PBXContainerItemProxy;
			containerPortal = 62FC977E2C4E778A005D3A00 /* Project object */;
			proxyType = 1;
			remoteGlobalIDString = 62FC97852C4E778A005D3A00;
			remoteInfo = KTV;
		};
/* End PBXContainerItemProxy section */

/* Begin PBXFileReference section */
		62494A4C2C4E94230067AF5E /* HomeViewController.swift */ = {isa = PBXFileReference; lastKnownFileType = sourcecode.swift; path = HomeViewController.swift; sourceTree = "<group>"; };
		62494A552C4E95920067AF5E /* HomeVideoCell.swift */ = {isa = PBXFileReference; lastKnownFileType = sourcecode.swift; path = HomeVideoCell.swift; sourceTree = "<group>"; };
		62494A562C4E95920067AF5E /* HomeVideoCell.xib */ = {isa = PBXFileReference; lastKnownFileType = file.xib; path = HomeVideoCell.xib; sourceTree = "<group>"; };
		62DA1FFD2C4FB2D100A58052 /* HomeSection.swift */ = {isa = PBXFileReference; lastKnownFileType = sourcecode.swift; path = HomeSection.swift; sourceTree = "<group>"; };
		62FC97862C4E778A005D3A00 /* KTV.app */ = {isa = PBXFileReference; explicitFileType = wrapper.application; includeInIndex = 0; path = KTV.app; sourceTree = BUILT_PRODUCTS_DIR; };
		62FC97892C4E778A005D3A00 /* AppDelegate.swift */ = {isa = PBXFileReference; lastKnownFileType = sourcecode.swift; path = AppDelegate.swift; sourceTree = "<group>"; };
		62FC978B2C4E778A005D3A00 /* SceneDelegate.swift */ = {isa = PBXFileReference; lastKnownFileType = sourcecode.swift; path = SceneDelegate.swift; sourceTree = "<group>"; };
		62FC978D2C4E778A005D3A00 /* LoginViewController.swift */ = {isa = PBXFileReference; lastKnownFileType = sourcecode.swift; path = LoginViewController.swift; sourceTree = "<group>"; };
		62FC97902C4E778A005D3A00 /* Base */ = {isa = PBXFileReference; lastKnownFileType = file.storyboard; name = Base; path = Base.lproj/Main.storyboard; sourceTree = "<group>"; };
		62FC97922C4E778B005D3A00 /* Assets.xcassets */ = {isa = PBXFileReference; lastKnownFileType = folder.assetcatalog; path = Assets.xcassets; sourceTree = "<group>"; };
		62FC97952C4E778B005D3A00 /* Base */ = {isa = PBXFileReference; lastKnownFileType = file.storyboard; name = Base; path = Base.lproj/LaunchScreen.storyboard; sourceTree = "<group>"; };
		62FC97972C4E778B005D3A00 /* Info.plist */ = {isa = PBXFileReference; lastKnownFileType = text.plist.xml; path = Info.plist; sourceTree = "<group>"; };
		62FC979C2C4E778B005D3A00 /* KTVTests.xctest */ = {isa = PBXFileReference; explicitFileType = wrapper.cfbundle; includeInIndex = 0; path = KTVTests.xctest; sourceTree = BUILT_PRODUCTS_DIR; };
		62FC97A02C4E778B005D3A00 /* KTVTests.swift */ = {isa = PBXFileReference; lastKnownFileType = sourcecode.swift; path = KTVTests.swift; sourceTree = "<group>"; };
		62FC97A62C4E778B005D3A00 /* KTVUITests.xctest */ = {isa = PBXFileReference; explicitFileType = wrapper.cfbundle; includeInIndex = 0; path = KTVUITests.xctest; sourceTree = BUILT_PRODUCTS_DIR; };
		62FC97AA2C4E778B005D3A00 /* KTVUITests.swift */ = {isa = PBXFileReference; lastKnownFileType = sourcecode.swift; path = KTVUITests.swift; sourceTree = "<group>"; };
		62FC97AC2C4E778B005D3A00 /* KTVUITestsLaunchTests.swift */ = {isa = PBXFileReference; lastKnownFileType = sourcecode.swift; path = KTVUITestsLaunchTests.swift; sourceTree = "<group>"; };
		62FC97B92C4E7E50005D3A00 /* Colors.xcassets */ = {isa = PBXFileReference; lastKnownFileType = folder.assetcatalog; path = Colors.xcassets; sourceTree = "<group>"; };
/* End PBXFileReference section */

/* Begin PBXFrameworksBuildPhase section */
		62FC97832C4E778A005D3A00 /* Frameworks */ = {
			isa = PBXFrameworksBuildPhase;
			buildActionMask = 2147483647;
			files = (
			);
			runOnlyForDeploymentPostprocessing = 0;
		};
		62FC97992C4E778B005D3A00 /* Frameworks */ = {
			isa = PBXFrameworksBuildPhase;
			buildActionMask = 2147483647;
			files = (
			);
			runOnlyForDeploymentPostprocessing = 0;
		};
		62FC97A32C4E778B005D3A00 /* Frameworks */ = {
			isa = PBXFrameworksBuildPhase;
			buildActionMask = 2147483647;
			files = (
			);
			runOnlyForDeploymentPostprocessing = 0;
		};
/* End PBXFrameworksBuildPhase section */

/* Begin PBXGroup section */
		62494A4B2C4E94080067AF5E /* Home */ = {
			isa = PBXGroup;
			children = (
				62494A4E2C4E94FC0067AF5E /* Cell */,
				62494A4C2C4E94230067AF5E /* HomeViewController.swift */,
			);
			path = Home;
			sourceTree = "<group>";
		};
		62494A4E2C4E94FC0067AF5E /* Cell */ = {
			isa = PBXGroup;
			children = (
				62494A552C4E95920067AF5E /* HomeVideoCell.swift */,
				62494A562C4E95920067AF5E /* HomeVideoCell.xib */,
				62DA1FFD2C4FB2D100A58052 /* HomeSection.swift */,
			);
			path = Cell;
			sourceTree = "<group>";
		};
		62FC977D2C4E778A005D3A00 = {
			isa = PBXGroup;
			children = (
				62FC97882C4E778A005D3A00 /* KTV */,
				62FC979F2C4E778B005D3A00 /* KTVTests */,
				62FC97A92C4E778B005D3A00 /* KTVUITests */,
				62FC97872C4E778A005D3A00 /* Products */,
			);
			sourceTree = "<group>";
		};
		62FC97872C4E778A005D3A00 /* Products */ = {
			isa = PBXGroup;
			children = (
				62FC97862C4E778A005D3A00 /* KTV.app */,
				62FC979C2C4E778B005D3A00 /* KTVTests.xctest */,
				62FC97A62C4E778B005D3A00 /* KTVUITests.xctest */,
			);
			name = Products;
			sourceTree = "<group>";
		};
		62FC97882C4E778A005D3A00 /* KTV */ = {
			isa = PBXGroup;
			children = (
				62494A4B2C4E94080067AF5E /* Home */,
				62FC97892C4E778A005D3A00 /* AppDelegate.swift */,
				62FC978B2C4E778A005D3A00 /* SceneDelegate.swift */,
				62FC978D2C4E778A005D3A00 /* LoginViewController.swift */,
				62FC978F2C4E778A005D3A00 /* Main.storyboard */,
				62FC97922C4E778B005D3A00 /* Assets.xcassets */,
				62FC97B92C4E7E50005D3A00 /* Colors.xcassets */,
				62FC97942C4E778B005D3A00 /* LaunchScreen.storyboard */,
				62FC97972C4E778B005D3A00 /* Info.plist */,
			);
			path = KTV;
			sourceTree = "<group>";
		};
		62FC979F2C4E778B005D3A00 /* KTVTests */ = {
			isa = PBXGroup;
			children = (
				62FC97A02C4E778B005D3A00 /* KTVTests.swift */,
			);
			path = KTVTests;
			sourceTree = "<group>";
		};
		62FC97A92C4E778B005D3A00 /* KTVUITests */ = {
			isa = PBXGroup;
			children = (
				62FC97AA2C4E778B005D3A00 /* KTVUITests.swift */,
				62FC97AC2C4E778B005D3A00 /* KTVUITestsLaunchTests.swift */,
			);
			path = KTVUITests;
			sourceTree = "<group>";
		};
/* End PBXGroup section */

/* Begin PBXNativeTarget section */
		62FC97852C4E778A005D3A00 /* KTV */ = {
			isa = PBXNativeTarget;
			buildConfigurationList = 62FC97B02C4E778B005D3A00 /* Build configuration list for PBXNativeTarget "KTV" */;
			buildPhases = (
				62FC97822C4E778A005D3A00 /* Sources */,
				62FC97832C4E778A005D3A00 /* Frameworks */,
				62FC97842C4E778A005D3A00 /* Resources */,
			);
			buildRules = (
			);
			dependencies = (
			);
			name = KTV;
			productName = KTV;
			productReference = 62FC97862C4E778A005D3A00 /* KTV.app */;
			productType = "com.apple.product-type.application";
		};
		62FC979B2C4E778B005D3A00 /* KTVTests */ = {
			isa = PBXNativeTarget;
			buildConfigurationList = 62FC97B32C4E778B005D3A00 /* Build configuration list for PBXNativeTarget "KTVTests" */;
			buildPhases = (
				62FC97982C4E778B005D3A00 /* Sources */,
				62FC97992C4E778B005D3A00 /* Frameworks */,
				62FC979A2C4E778B005D3A00 /* Resources */,
			);
			buildRules = (
			);
			dependencies = (
				62FC979E2C4E778B005D3A00 /* PBXTargetDependency */,
			);
			name = KTVTests;
			productName = KTVTests;
			productReference = 62FC979C2C4E778B005D3A00 /* KTVTests.xctest */;
			productType = "com.apple.product-type.bundle.unit-test";
		};
		62FC97A52C4E778B005D3A00 /* KTVUITests */ = {
			isa = PBXNativeTarget;
			buildConfigurationList = 62FC97B62C4E778B005D3A00 /* Build configuration list for PBXNativeTarget "KTVUITests" */;
			buildPhases = (
				62FC97A22C4E778B005D3A00 /* Sources */,
				62FC97A32C4E778B005D3A00 /* Frameworks */,
				62FC97A42C4E778B005D3A00 /* Resources */,
			);
			buildRules = (
			);
			dependencies = (
				62FC97A82C4E778B005D3A00 /* PBXTargetDependency */,
			);
			name = KTVUITests;
			productName = KTVUITests;
			productReference = 62FC97A62C4E778B005D3A00 /* KTVUITests.xctest */;
			productType = "com.apple.product-type.bundle.ui-testing";
		};
/* End PBXNativeTarget section */

/* Begin PBXProject section */
		62FC977E2C4E778A005D3A00 /* Project object */ = {
			isa = PBXProject;
			attributes = {
				BuildIndependentTargetsInParallel = 1;
				LastSwiftUpdateCheck = 1530;
				LastUpgradeCheck = 1530;
				TargetAttributes = {
					62FC97852C4E778A005D3A00 = {
						CreatedOnToolsVersion = 15.3;
					};
					62FC979B2C4E778B005D3A00 = {
						CreatedOnToolsVersion = 15.3;
						TestTargetID = 62FC97852C4E778A005D3A00;
					};
					62FC97A52C4E778B005D3A00 = {
						CreatedOnToolsVersion = 15.3;
						TestTargetID = 62FC97852C4E778A005D3A00;
					};
				};
			};
			buildConfigurationList = 62FC97812C4E778A005D3A00 /* Build configuration list for PBXProject "KTV" */;
			compatibilityVersion = "Xcode 14.0";
			developmentRegion = en;
			hasScannedForEncodings = 0;
			knownRegions = (
				en,
				Base,
			);
			mainGroup = 62FC977D2C4E778A005D3A00;
			productRefGroup = 62FC97872C4E778A005D3A00 /* Products */;
			projectDirPath = "";
			projectRoot = "";
			targets = (
				62FC97852C4E778A005D3A00 /* KTV */,
				62FC979B2C4E778B005D3A00 /* KTVTests */,
				62FC97A52C4E778B005D3A00 /* KTVUITests */,
			);
		};
/* End PBXProject section */

/* Begin PBXResourcesBuildPhase section */
		62FC97842C4E778A005D3A00 /* Resources */ = {
			isa = PBXResourcesBuildPhase;
			buildActionMask = 2147483647;
			files = (
				62FC97932C4E778B005D3A00 /* Assets.xcassets in Resources */,
				62FC97BA2C4E7E50005D3A00 /* Colors.xcassets in Resources */,
				62FC97962C4E778B005D3A00 /* Base in Resources */,
				62494A582C4E95920067AF5E /* HomeVideoCell.xib in Resources */,
				62FC97912C4E778A005D3A00 /* Base in Resources */,
			);
			runOnlyForDeploymentPostprocessing = 0;
		};
		62FC979A2C4E778B005D3A00 /* Resources */ = {
			isa = PBXResourcesBuildPhase;
			buildActionMask = 2147483647;
			files = (
			);
			runOnlyForDeploymentPostprocessing = 0;
		};
		62FC97A42C4E778B005D3A00 /* Resources */ = {
			isa = PBXResourcesBuildPhase;
			buildActionMask = 2147483647;
			files = (
			);
			runOnlyForDeploymentPostprocessing = 0;
		};
/* End PBXResourcesBuildPhase section */

/* Begin PBXSourcesBuildPhase section */
		62FC97822C4E778A005D3A00 /* Sources */ = {
			isa = PBXSourcesBuildPhase;
			buildActionMask = 2147483647;
			files = (
				62FC978E2C4E778A005D3A00 /* LoginViewController.swift in Sources */,
				62FC978A2C4E778A005D3A00 /* AppDelegate.swift in Sources */,
				62DA1FFE2C4FB2D100A58052 /* HomeSection.swift in Sources */,
				62FC978C2C4E778A005D3A00 /* SceneDelegate.swift in Sources */,
				62494A572C4E95920067AF5E /* HomeVideoCell.swift in Sources */,
				62494A4D2C4E94230067AF5E /* HomeViewController.swift in Sources */,
			);
			runOnlyForDeploymentPostprocessing = 0;
		};
		62FC97982C4E778B005D3A00 /* Sources */ = {
			isa = PBXSourcesBuildPhase;
			buildActionMask = 2147483647;
			files = (
				62FC97A12C4E778B005D3A00 /* KTVTests.swift in Sources */,
			);
			runOnlyForDeploymentPostprocessing = 0;
		};
		62FC97A22C4E778B005D3A00 /* Sources */ = {
			isa = PBXSourcesBuildPhase;
			buildActionMask = 2147483647;
			files = (
				62FC97AD2C4E778B005D3A00 /* KTVUITestsLaunchTests.swift in Sources */,
				62FC97AB2C4E778B005D3A00 /* KTVUITests.swift in Sources */,
			);
			runOnlyForDeploymentPostprocessing = 0;
		};
/* End PBXSourcesBuildPhase section */

/* Begin PBXTargetDependency section */
		62FC979E2C4E778B005D3A00 /* PBXTargetDependency */ = {
			isa = PBXTargetDependency;
			target = 62FC97852C4E778A005D3A00 /* KTV */;
			targetProxy = 62FC979D2C4E778B005D3A00 /* PBXContainerItemProxy */;
		};
		62FC97A82C4E778B005D3A00 /* PBXTargetDependency */ = {
			isa = PBXTargetDependency;
			target = 62FC97852C4E778A005D3A00 /* KTV */;
			targetProxy = 62FC97A72C4E778B005D3A00 /* PBXContainerItemProxy */;
		};
/* End PBXTargetDependency section */

/* Begin PBXVariantGroup section */
		62FC978F2C4E778A005D3A00 /* Main.storyboard */ = {
			isa = PBXVariantGroup;
			children = (
				62FC97902C4E778A005D3A00 /* Base */,
			);
			name = Main.storyboard;
			sourceTree = "<group>";
			usesTabs = 0;
		};
		62FC97942C4E778B005D3A00 /* LaunchScreen.storyboard */ = {
			isa = PBXVariantGroup;
			children = (
				62FC97952C4E778B005D3A00 /* Base */,
			);
			name = LaunchScreen.storyboard;
			sourceTree = "<group>";
		};
/* End PBXVariantGroup section */

/* Begin XCBuildConfiguration section */
		62FC97AE2C4E778B005D3A00 /* Debug */ = {
			isa = XCBuildConfiguration;
			buildSettings = {
				ALWAYS_SEARCH_USER_PATHS = NO;
				ASSETCATALOG_COMPILER_GENERATE_SWIFT_ASSET_SYMBOL_EXTENSIONS = YES;
				CLANG_ANALYZER_NONNULL = YES;
				CLANG_ANALYZER_NUMBER_OBJECT_CONVERSION = YES_AGGRESSIVE;
				CLANG_CXX_LANGUAGE_STANDARD = "gnu++20";
				CLANG_ENABLE_MODULES = YES;
				CLANG_ENABLE_OBJC_ARC = YES;
				CLANG_ENABLE_OBJC_WEAK = YES;
				CLANG_WARN_BLOCK_CAPTURE_AUTORELEASING = YES;
				CLANG_WARN_BOOL_CONVERSION = YES;
				CLANG_WARN_COMMA = YES;
				CLANG_WARN_CONSTANT_CONVERSION = YES;
				CLANG_WARN_DEPRECATED_OBJC_IMPLEMENTATIONS = YES;
				CLANG_WARN_DIRECT_OBJC_ISA_USAGE = YES_ERROR;
				CLANG_WARN_DOCUMENTATION_COMMENTS = YES;
				CLANG_WARN_EMPTY_BODY = YES;
				CLANG_WARN_ENUM_CONVERSION = YES;
				CLANG_WARN_INFINITE_RECURSION = YES;
				CLANG_WARN_INT_CONVERSION = YES;
				CLANG_WARN_NON_LITERAL_NULL_CONVERSION = YES;
				CLANG_WARN_OBJC_IMPLICIT_RETAIN_SELF = YES;
				CLANG_WARN_OBJC_LITERAL_CONVERSION = YES;
				CLANG_WARN_OBJC_ROOT_CLASS = YES_ERROR;
				CLANG_WARN_QUOTED_INCLUDE_IN_FRAMEWORK_HEADER = YES;
				CLANG_WARN_RANGE_LOOP_ANALYSIS = YES;
				CLANG_WARN_STRICT_PROTOTYPES = YES;
				CLANG_WARN_SUSPICIOUS_MOVE = YES;
				CLANG_WARN_UNGUARDED_AVAILABILITY = YES_AGGRESSIVE;
				CLANG_WARN_UNREACHABLE_CODE = YES;
				CLANG_WARN__DUPLICATE_METHOD_MATCH = YES;
				COPY_PHASE_STRIP = NO;
				DEBUG_INFORMATION_FORMAT = dwarf;
				ENABLE_STRICT_OBJC_MSGSEND = YES;
				ENABLE_TESTABILITY = YES;
				ENABLE_USER_SCRIPT_SANDBOXING = YES;
				GCC_C_LANGUAGE_STANDARD = gnu17;
				GCC_DYNAMIC_NO_PIC = NO;
				GCC_NO_COMMON_BLOCKS = YES;
				GCC_OPTIMIZATION_LEVEL = 0;
				GCC_PREPROCESSOR_DEFINITIONS = (
					"DEBUG=1",
					"$(inherited)",
				);
				GCC_WARN_64_TO_32_BIT_CONVERSION = YES;
				GCC_WARN_ABOUT_RETURN_TYPE = YES_ERROR;
				GCC_WARN_UNDECLARED_SELECTOR = YES;
				GCC_WARN_UNINITIALIZED_AUTOS = YES_AGGRESSIVE;
				GCC_WARN_UNUSED_FUNCTION = YES;
				GCC_WARN_UNUSED_VARIABLE = YES;
				IPHONEOS_DEPLOYMENT_TARGET = 17.4;
				LOCALIZATION_PREFERS_STRING_CATALOGS = YES;
				MTL_ENABLE_DEBUG_INFO = INCLUDE_SOURCE;
				MTL_FAST_MATH = YES;
				ONLY_ACTIVE_ARCH = YES;
				SDKROOT = iphoneos;
				SWIFT_ACTIVE_COMPILATION_CONDITIONS = "DEBUG $(inherited)";
				SWIFT_OPTIMIZATION_LEVEL = "-Onone";
			};
			name = Debug;
		};
		62FC97AF2C4E778B005D3A00 /* Release */ = {
			isa = XCBuildConfiguration;
			buildSettings = {
				ALWAYS_SEARCH_USER_PATHS = NO;
				ASSETCATALOG_COMPILER_GENERATE_SWIFT_ASSET_SYMBOL_EXTENSIONS = YES;
				CLANG_ANALYZER_NONNULL = YES;
				CLANG_ANALYZER_NUMBER_OBJECT_CONVERSION = YES_AGGRESSIVE;
				CLANG_CXX_LANGUAGE_STANDARD = "gnu++20";
				CLANG_ENABLE_MODULES = YES;
				CLANG_ENABLE_OBJC_ARC = YES;
				CLANG_ENABLE_OBJC_WEAK = YES;
				CLANG_WARN_BLOCK_CAPTURE_AUTORELEASING = YES;
				CLANG_WARN_BOOL_CONVERSION = YES;
				CLANG_WARN_COMMA = YES;
				CLANG_WARN_CONSTANT_CONVERSION = YES;
				CLANG_WARN_DEPRECATED_OBJC_IMPLEMENTATIONS = YES;
				CLANG_WARN_DIRECT_OBJC_ISA_USAGE = YES_ERROR;
				CLANG_WARN_DOCUMENTATION_COMMENTS = YES;
				CLANG_WARN_EMPTY_BODY = YES;
				CLANG_WARN_ENUM_CONVERSION = YES;
				CLANG_WARN_INFINITE_RECURSION = YES;
				CLANG_WARN_INT_CONVERSION = YES;
				CLANG_WARN_NON_LITERAL_NULL_CONVERSION = YES;
				CLANG_WARN_OBJC_IMPLICIT_RETAIN_SELF = YES;
				CLANG_WARN_OBJC_LITERAL_CONVERSION = YES;
				CLANG_WARN_OBJC_ROOT_CLASS = YES_ERROR;
				CLANG_WARN_QUOTED_INCLUDE_IN_FRAMEWORK_HEADER = YES;
				CLANG_WARN_RANGE_LOOP_ANALYSIS = YES;
				CLANG_WARN_STRICT_PROTOTYPES = YES;
				CLANG_WARN_SUSPICIOUS_MOVE = YES;
				CLANG_WARN_UNGUARDED_AVAILABILITY = YES_AGGRESSIVE;
				CLANG_WARN_UNREACHABLE_CODE = YES;
				CLANG_WARN__DUPLICATE_METHOD_MATCH = YES;
				COPY_PHASE_STRIP = NO;
				DEBUG_INFORMATION_FORMAT = "dwarf-with-dsym";
				ENABLE_NS_ASSERTIONS = NO;
				ENABLE_STRICT_OBJC_MSGSEND = YES;
				ENABLE_USER_SCRIPT_SANDBOXING = YES;
				GCC_C_LANGUAGE_STANDARD = gnu17;
				GCC_NO_COMMON_BLOCKS = YES;
				GCC_WARN_64_TO_32_BIT_CONVERSION = YES;
				GCC_WARN_ABOUT_RETURN_TYPE = YES_ERROR;
				GCC_WARN_UNDECLARED_SELECTOR = YES;
				GCC_WARN_UNINITIALIZED_AUTOS = YES_AGGRESSIVE;
				GCC_WARN_UNUSED_FUNCTION = YES;
				GCC_WARN_UNUSED_VARIABLE = YES;
				IPHONEOS_DEPLOYMENT_TARGET = 17.4;
				LOCALIZATION_PREFERS_STRING_CATALOGS = YES;
				MTL_ENABLE_DEBUG_INFO = NO;
				MTL_FAST_MATH = YES;
				SDKROOT = iphoneos;
				SWIFT_COMPILATION_MODE = wholemodule;
				VALIDATE_PRODUCT = YES;
			};
			name = Release;
		};
		62FC97B12C4E778B005D3A00 /* Debug */ = {
			isa = XCBuildConfiguration;
			buildSettings = {
				ASSETCATALOG_COMPILER_APPICON_NAME = AppIcon;
				ASSETCATALOG_COMPILER_GLOBAL_ACCENT_COLOR_NAME = AccentColor;
				CODE_SIGN_STYLE = Automatic;
				CURRENT_PROJECT_VERSION = 1;
				DEVELOPMENT_TEAM = RN4W7LDT7Y;
				GENERATE_INFOPLIST_FILE = YES;
				INFOPLIST_FILE = KTV/Info.plist;
				INFOPLIST_KEY_UIApplicationSupportsIndirectInputEvents = YES;
				INFOPLIST_KEY_UILaunchStoryboardName = LaunchScreen;
				INFOPLIST_KEY_UIMainStoryboardFile = Main;
				INFOPLIST_KEY_UISupportedInterfaceOrientations_iPad = "UIInterfaceOrientationPortrait UIInterfaceOrientationPortraitUpsideDown UIInterfaceOrientationLandscapeLeft UIInterfaceOrientationLandscapeRight";
				INFOPLIST_KEY_UISupportedInterfaceOrientations_iPhone = "UIInterfaceOrientationPortrait UIInterfaceOrientationLandscapeLeft UIInterfaceOrientationLandscapeRight";
				IPHONEOS_DEPLOYMENT_TARGET = 15.0;
				LD_RUNPATH_SEARCH_PATHS = (
					"$(inherited)",
					"@executable_path/Frameworks",
				);
				MARKETING_VERSION = 1.0;
				PRODUCT_BUNDLE_IDENTIFIER = "com.Seo-garden.KTV";
				PRODUCT_NAME = "$(TARGET_NAME)";
				SWIFT_EMIT_LOC_STRINGS = YES;
				SWIFT_VERSION = 5.0;
				TARGETED_DEVICE_FAMILY = "1,2";
			};
			name = Debug;
		};
		62FC97B22C4E778B005D3A00 /* Release */ = {
			isa = XCBuildConfiguration;
			buildSettings = {
				ASSETCATALOG_COMPILER_APPICON_NAME = AppIcon;
				ASSETCATALOG_COMPILER_GLOBAL_ACCENT_COLOR_NAME = AccentColor;
				CODE_SIGN_STYLE = Automatic;
				CURRENT_PROJECT_VERSION = 1;
				DEVELOPMENT_TEAM = RN4W7LDT7Y;
				GENERATE_INFOPLIST_FILE = YES;
				INFOPLIST_FILE = KTV/Info.plist;
				INFOPLIST_KEY_UIApplicationSupportsIndirectInputEvents = YES;
				INFOPLIST_KEY_UILaunchStoryboardName = LaunchScreen;
				INFOPLIST_KEY_UIMainStoryboardFile = Main;
				INFOPLIST_KEY_UISupportedInterfaceOrientations_iPad = "UIInterfaceOrientationPortrait UIInterfaceOrientationPortraitUpsideDown UIInterfaceOrientationLandscapeLeft UIInterfaceOrientationLandscapeRight";
				INFOPLIST_KEY_UISupportedInterfaceOrientations_iPhone = "UIInterfaceOrientationPortrait UIInterfaceOrientationLandscapeLeft UIInterfaceOrientationLandscapeRight";
				IPHONEOS_DEPLOYMENT_TARGET = 15.0;
				LD_RUNPATH_SEARCH_PATHS = (
					"$(inherited)",
					"@executable_path/Frameworks",
				);
				MARKETING_VERSION = 1.0;
				PRODUCT_BUNDLE_IDENTIFIER = "com.Seo-garden.KTV";
				PRODUCT_NAME = "$(TARGET_NAME)";
				SWIFT_EMIT_LOC_STRINGS = YES;
				SWIFT_VERSION = 5.0;
				TARGETED_DEVICE_FAMILY = "1,2";
			};
			name = Release;
		};
		62FC97B42C4E778B005D3A00 /* Debug */ = {
			isa = XCBuildConfiguration;
			buildSettings = {
				ALWAYS_EMBED_SWIFT_STANDARD_LIBRARIES = YES;
				BUNDLE_LOADER = "$(TEST_HOST)";
				CODE_SIGN_STYLE = Automatic;
				CURRENT_PROJECT_VERSION = 1;
				DEVELOPMENT_TEAM = RN4W7LDT7Y;
				GENERATE_INFOPLIST_FILE = YES;
				IPHONEOS_DEPLOYMENT_TARGET = 17.4;
				MARKETING_VERSION = 1.0;
				PRODUCT_BUNDLE_IDENTIFIER = "com.Seo-garden.KTVTests";
				PRODUCT_NAME = "$(TARGET_NAME)";
				SWIFT_EMIT_LOC_STRINGS = NO;
				SWIFT_VERSION = 5.0;
				TARGETED_DEVICE_FAMILY = "1,2";
				TEST_HOST = "$(BUILT_PRODUCTS_DIR)/KTV.app/$(BUNDLE_EXECUTABLE_FOLDER_PATH)/KTV";
			};
			name = Debug;
		};
		62FC97B52C4E778B005D3A00 /* Release */ = {
			isa = XCBuildConfiguration;
			buildSettings = {
				ALWAYS_EMBED_SWIFT_STANDARD_LIBRARIES = YES;
				BUNDLE_LOADER = "$(TEST_HOST)";
				CODE_SIGN_STYLE = Automatic;
				CURRENT_PROJECT_VERSION = 1;
				DEVELOPMENT_TEAM = RN4W7LDT7Y;
				GENERATE_INFOPLIST_FILE = YES;
				IPHONEOS_DEPLOYMENT_TARGET = 17.4;
				MARKETING_VERSION = 1.0;
				PRODUCT_BUNDLE_IDENTIFIER = "com.Seo-garden.KTVTests";
				PRODUCT_NAME = "$(TARGET_NAME)";
				SWIFT_EMIT_LOC_STRINGS = NO;
				SWIFT_VERSION = 5.0;
				TARGETED_DEVICE_FAMILY = "1,2";
				TEST_HOST = "$(BUILT_PRODUCTS_DIR)/KTV.app/$(BUNDLE_EXECUTABLE_FOLDER_PATH)/KTV";
			};
			name = Release;
		};
		62FC97B72C4E778B005D3A00 /* Debug */ = {
			isa = XCBuildConfiguration;
			buildSettings = {
				ALWAYS_EMBED_SWIFT_STANDARD_LIBRARIES = YES;
				CODE_SIGN_STYLE = Automatic;
				CURRENT_PROJECT_VERSION = 1;
				DEVELOPMENT_TEAM = RN4W7LDT7Y;
				GENERATE_INFOPLIST_FILE = YES;
				MARKETING_VERSION = 1.0;
				PRODUCT_BUNDLE_IDENTIFIER = "com.Seo-garden.KTVUITests";
				PRODUCT_NAME = "$(TARGET_NAME)";
				SWIFT_EMIT_LOC_STRINGS = NO;
				SWIFT_VERSION = 5.0;
				TARGETED_DEVICE_FAMILY = "1,2";
				TEST_TARGET_NAME = KTV;
			};
			name = Debug;
		};
		62FC97B82C4E778B005D3A00 /* Release */ = {
			isa = XCBuildConfiguration;
			buildSettings = {
				ALWAYS_EMBED_SWIFT_STANDARD_LIBRARIES = YES;
				CODE_SIGN_STYLE = Automatic;
				CURRENT_PROJECT_VERSION = 1;
				DEVELOPMENT_TEAM = RN4W7LDT7Y;
				GENERATE_INFOPLIST_FILE = YES;
				MARKETING_VERSION = 1.0;
				PRODUCT_BUNDLE_IDENTIFIER = "com.Seo-garden.KTVUITests";
				PRODUCT_NAME = "$(TARGET_NAME)";
				SWIFT_EMIT_LOC_STRINGS = NO;
				SWIFT_VERSION = 5.0;
				TARGETED_DEVICE_FAMILY = "1,2";
				TEST_TARGET_NAME = KTV;
			};
			name = Release;
		};
/* End XCBuildConfiguration section */

/* Begin XCConfigurationList section */
		62FC97812C4E778A005D3A00 /* Build configuration list for PBXProject "KTV" */ = {
			isa = XCConfigurationList;
			buildConfigurations = (
				62FC97AE2C4E778B005D3A00 /* Debug */,
				62FC97AF2C4E778B005D3A00 /* Release */,
			);
			defaultConfigurationIsVisible = 0;
			defaultConfigurationName = Release;
		};
		62FC97B02C4E778B005D3A00 /* Build configuration list for PBXNativeTarget "KTV" */ = {
			isa = XCConfigurationList;
			buildConfigurations = (
				62FC97B12C4E778B005D3A00 /* Debug */,
				62FC97B22C4E778B005D3A00 /* Release */,
			);
			defaultConfigurationIsVisible = 0;
			defaultConfigurationName = Release;
		};
		62FC97B32C4E778B005D3A00 /* Build configuration list for PBXNativeTarget "KTVTests" */ = {
			isa = XCConfigurationList;
			buildConfigurations = (
				62FC97B42C4E778B005D3A00 /* Debug */,
				62FC97B52C4E778B005D3A00 /* Release */,
			);
			defaultConfigurationIsVisible = 0;
			defaultConfigurationName = Release;
		};
		62FC97B62C4E778B005D3A00 /* Build configuration list for PBXNativeTarget "KTVUITests" */ = {
			isa = XCConfigurationList;
			buildConfigurations = (
				62FC97B72C4E778B005D3A00 /* Debug */,
				62FC97B82C4E778B005D3A00 /* Release */,
			);
			defaultConfigurationIsVisible = 0;
			defaultConfigurationName = Release;
		};
/* End XCConfigurationList section */
	};
	rootObject = 62FC977E2C4E778A005D3A00 /* Project object */;
}
