// !$*UTF8*$!
{
	archiveVersion = 1;
	classes = {
	};
	objectVersion = 56;
	objects = {

/* Begin PBXBuildFile section */
		620240D92C511B390060AA8D /* Home.storyboard in Resources */ = {isa = PBXBuildFile; fileRef = 620240D82C511B390060AA8D /* Home.storyboard */; };
		620240DB2C511B470060AA8D /* HomeViewController.swift in Sources */ = {isa = PBXBuildFile; fileRef = 620240DA2C511B470060AA8D /* HomeViewController.swift */; };
		620240E12C5126430060AA8D /* HomeBannerCollectionViewCell.swift in Sources */ = {isa = PBXBuildFile; fileRef = 620240E02C5126430060AA8D /* HomeBannerCollectionViewCell.swift */; };
		620240E32C5130B00060AA8D /* HomeProductCollectionViewCell.swift in Sources */ = {isa = PBXBuildFile; fileRef = 620240E22C5130B00060AA8D /* HomeProductCollectionViewCell.swift */; };
		621E4E9A2C58241A00F759DA /* DetailBannerView.swift in Sources */ = {isa = PBXBuildFile; fileRef = 621E4E992C58241A00F759DA /* DetailBannerView.swift */; };
		621E4E9C2C582A2A00F759DA /* DetailRateView.swift in Sources */ = {isa = PBXBuildFile; fileRef = 621E4E9B2C582A2A00F759DA /* DetailRateView.swift */; };
		62226A952C4FC44500ACB53D /* AppDelegate.swift in Sources */ = {isa = PBXBuildFile; fileRef = 62226A942C4FC44500ACB53D /* AppDelegate.swift */; };
		62226A972C4FC44500ACB53D /* SceneDelegate.swift in Sources */ = {isa = PBXBuildFile; fileRef = 62226A962C4FC44500ACB53D /* SceneDelegate.swift */; };
		62226A9E2C4FC44600ACB53D /* Assets.xcassets in Resources */ = {isa = PBXBuildFile; fileRef = 62226A9D2C4FC44600ACB53D /* Assets.xcassets */; };
		62226AA12C4FC44600ACB53D /* Base in Resources */ = {isa = PBXBuildFile; fileRef = 62226AA02C4FC44600ACB53D /* Base */; };
		62226AA92C4FCAAD00ACB53D /* Splash.storyboard in Resources */ = {isa = PBXBuildFile; fileRef = 62226AA82C4FCAAD00ACB53D /* Splash.storyboard */; };
		62226AAB2C4FCAE000ACB53D /* SplashViewController.swift in Sources */ = {isa = PBXBuildFile; fileRef = 62226AAA2C4FCAE000ACB53D /* SplashViewController.swift */; };
		62226AB12C4FDC5900ACB53D /* Lottie in Frameworks */ = {isa = PBXBuildFile; productRef = 62226AB02C4FDC5900ACB53D /* Lottie */; };
		62226AB42C4FDEA800ACB53D /* Images.xcassets in Resources */ = {isa = PBXBuildFile; fileRef = 62226AB32C4FDEA800ACB53D /* Images.xcassets */; };
		62226AB62C4FE06200ACB53D /* CPImages.swift in Sources */ = {isa = PBXBuildFile; fileRef = 62226AB52C4FE06200ACB53D /* CPImages.swift */; };
		62226AB82C4FE38800ACB53D /* Colors.xcassets in Resources */ = {isa = PBXBuildFile; fileRef = 62226AB72C4FE38800ACB53D /* Colors.xcassets */; };
		62226ABB2C4FE65B00ACB53D /* CPColor.swift in Sources */ = {isa = PBXBuildFile; fileRef = 62226ABA2C4FE65B00ACB53D /* CPColor.swift */; };
		62226ABD2C4FE83900ACB53D /* CPFont.swift in Sources */ = {isa = PBXBuildFile; fileRef = 62226ABC2C4FE83900ACB53D /* CPFont.swift */; };
		62330E782C591C8B00E3ABF6 /* DetailOptionView.swift in Sources */ = {isa = PBXBuildFile; fileRef = 62330E772C591C8B00E3ABF6 /* DetailOptionView.swift */; };
		62330E7A2C5920F100E3ABF6 /* DetailPriceView.swift in Sources */ = {isa = PBXBuildFile; fileRef = 62330E792C5920F100E3ABF6 /* DetailPriceView.swift */; };
		62330E7C2C592DBB00E3ABF6 /* DetailMoreView.swift in Sources */ = {isa = PBXBuildFile; fileRef = 62330E7B2C592DBB00E3ABF6 /* DetailMoreView.swift */; };
		62330E7E2C592EFC00E3ABF6 /* DetailPurchaseView.swift in Sources */ = {isa = PBXBuildFile; fileRef = 62330E7D2C592EFC00E3ABF6 /* DetailPurchaseView.swift */; };
		62338BFE2C540AD100FFAF59 /* HomeCouponButtonCollectionViewCell.swift in Sources */ = {isa = PBXBuildFile; fileRef = 62338BFD2C540AD100FFAF59 /* HomeCouponButtonCollectionViewCell.swift */; };
		624CA68A2C525185000634E0 /* NetworkService.swift in Sources */ = {isa = PBXBuildFile; fileRef = 624CA6892C525185000634E0 /* NetworkService.swift */; };
		624CA68D2C5252C5000634E0 /* HomeResponse.swift in Sources */ = {isa = PBXBuildFile; fileRef = 624CA68C2C5252C5000634E0 /* HomeResponse.swift */; };
		6251CA002C5B8E5100CBF2E1 /* PurchaseRootView.swift in Sources */ = {isa = PBXBuildFile; fileRef = 6251C9FF2C5B8E5100CBF2E1 /* PurchaseRootView.swift */; };
		6251CA032C5B953900CBF2E1 /* PaymentViewController.swift in Sources */ = {isa = PBXBuildFile; fileRef = 6251CA022C5B953900CBF2E1 /* PaymentViewController.swift */; };
		6251CA052C5B954A00CBF2E1 /* PaymentViewModel.swift in Sources */ = {isa = PBXBuildFile; fileRef = 6251CA042C5B954A00CBF2E1 /* PaymentViewModel.swift */; };
		6251CA072C5B974E00CBF2E1 /* test.html in Resources */ = {isa = PBXBuildFile; fileRef = 6251CA062C5B974E00CBF2E1 /* test.html */; };
		625423C52C5797C800C55078 /* Favorite.storyboard in Resources */ = {isa = PBXBuildFile; fileRef = 625423C42C5797C800C55078 /* Favorite.storyboard */; };
		625423C72C5797D700C55078 /* FavoriteViewController.swift in Sources */ = {isa = PBXBuildFile; fileRef = 625423C62C5797D700C55078 /* FavoriteViewController.swift */; };
		625423C92C5797E900C55078 /* FavoriteViewModel.swift in Sources */ = {isa = PBXBuildFile; fileRef = 625423C82C5797E900C55078 /* FavoriteViewModel.swift */; };
		625423CB2C57C7A100C55078 /* FavoriteResponse.swift in Sources */ = {isa = PBXBuildFile; fileRef = 625423CA2C57C7A100C55078 /* FavoriteResponse.swift */; };
		625423CD2C57C80A00C55078 /* Product.swift in Sources */ = {isa = PBXBuildFile; fileRef = 625423CC2C57C80A00C55078 /* Product.swift */; };
		625423D02C57CEE600C55078 /* PurchaseButton.swift in Sources */ = {isa = PBXBuildFile; fileRef = 625423CF2C57CEE600C55078 /* PurchaseButton.swift */; };
		625423D22C57CF9C00C55078 /* FavoriteItemTableViewCell.swift in Sources */ = {isa = PBXBuildFile; fileRef = 625423D12C57CF9C00C55078 /* FavoriteItemTableViewCell.swift */; };
		625423D62C57F53E00C55078 /* DetailRootView.swift in Sources */ = {isa = PBXBuildFile; fileRef = 625423D52C57F53E00C55078 /* DetailRootView.swift */; };
		625423D82C57F56800C55078 /* DetailViewModel.swift in Sources */ = {isa = PBXBuildFile; fileRef = 625423D72C57F56800C55078 /* DetailViewModel.swift */; };
		625423DA2C57FC1300C55078 /* ProductDetailResponse.swift in Sources */ = {isa = PBXBuildFile; fileRef = 625423D92C57FC1300C55078 /* ProductDetailResponse.swift */; };
		625D83902C59653B006187D3 /* Detail.storyboard in Resources */ = {isa = PBXBuildFile; fileRef = 625D838F2C59653B006187D3 /* Detail.storyboard */; };
		625D83922C59654D006187D3 /* DetailViewController.swift in Sources */ = {isa = PBXBuildFile; fileRef = 625D83912C59654D006187D3 /* DetailViewController.swift */; };
		625D83952C596983006187D3 /* OptionViewController.swift in Sources */ = {isa = PBXBuildFile; fileRef = 625D83942C596983006187D3 /* OptionViewController.swift */; };
		625D83972C59698A006187D3 /* OptionViewModel.swift in Sources */ = {isa = PBXBuildFile; fileRef = 625D83962C59698A006187D3 /* OptionViewModel.swift */; };
		625D839B2C596A44006187D3 /* OptionRootView.swift in Sources */ = {isa = PBXBuildFile; fileRef = 625D839A2C596A44006187D3 /* OptionRootView.swift */; };
		6273B52C2C551E7A00F2C464 /* HomeSpearateLineCollectionViewCell.swift in Sources */ = {isa = PBXBuildFile; fileRef = 6273B52B2C551E7A00F2C464 /* HomeSpearateLineCollectionViewCell.swift */; };
		6273B52E2C552D7700F2C464 /* HomeThemeCollectionViewCell.swift in Sources */ = {isa = PBXBuildFile; fileRef = 6273B52D2C552D7700F2C464 /* HomeThemeCollectionViewCell.swift */; };
		6273B5302C5532AC00F2C464 /* HomeThemeHeaderCollectionReusableView.swift in Sources */ = {isa = PBXBuildFile; fileRef = 6273B52F2C5532AC00F2C464 /* HomeThemeHeaderCollectionReusableView.swift */; };
		627C4BE62C5A4AFE0094F710 /* PurchaseViewController.swift in Sources */ = {isa = PBXBuildFile; fileRef = 627C4BE52C5A4AFE0094F710 /* PurchaseViewController.swift */; };
		627C4BE82C5A4B0E0094F710 /* PurchaseViewModel.swift in Sources */ = {isa = PBXBuildFile; fileRef = 627C4BE72C5A4B0E0094F710 /* PurchaseViewModel.swift */; };
		629BDB5F2C5A58B4003B1E28 /* PurchaseSelectedItemView.swift in Sources */ = {isa = PBXBuildFile; fileRef = 629BDB5E2C5A58B4003B1E28 /* PurchaseSelectedItemView.swift */; };
		62E5DE502C53A63F007E7307 /* Kingfisher in Frameworks */ = {isa = PBXBuildFile; productRef = 62E5DE4F2C53A63F007E7307 /* Kingfisher */; };
		62E5DE522C53A8A8007E7307 /* HomeViewModel.swift in Sources */ = {isa = PBXBuildFile; fileRef = 62E5DE512C53A8A8007E7307 /* HomeViewModel.swift */; };
		62E5DE552C53FF73007E7307 /* Numeric+Extensions.swift in Sources */ = {isa = PBXBuildFile; fileRef = 62E5DE542C53FF73007E7307 /* Numeric+Extensions.swift */; };
/* End PBXBuildFile section */

/* Begin PBXFileReference section */
		620240D82C511B390060AA8D /* Home.storyboard */ = {isa = PBXFileReference; lastKnownFileType = file.storyboard; path = Home.storyboard; sourceTree = "<group>"; };
		620240DA2C511B470060AA8D /* HomeViewController.swift */ = {isa = PBXFileReference; lastKnownFileType = sourcecode.swift; path = HomeViewController.swift; sourceTree = "<group>"; };
		620240E02C5126430060AA8D /* HomeBannerCollectionViewCell.swift */ = {isa = PBXFileReference; lastKnownFileType = sourcecode.swift; path = HomeBannerCollectionViewCell.swift; sourceTree = "<group>"; };
		620240E22C5130B00060AA8D /* HomeProductCollectionViewCell.swift */ = {isa = PBXFileReference; lastKnownFileType = sourcecode.swift; path = HomeProductCollectionViewCell.swift; sourceTree = "<group>"; };
		621E4E992C58241A00F759DA /* DetailBannerView.swift */ = {isa = PBXFileReference; lastKnownFileType = sourcecode.swift; path = DetailBannerView.swift; sourceTree = "<group>"; };
		621E4E9B2C582A2A00F759DA /* DetailRateView.swift */ = {isa = PBXFileReference; lastKnownFileType = sourcecode.swift; path = DetailRateView.swift; sourceTree = "<group>"; };
		62226A912C4FC44500ACB53D /* Cproject.app */ = {isa = PBXFileReference; explicitFileType = wrapper.application; includeInIndex = 0; path = Cproject.app; sourceTree = BUILT_PRODUCTS_DIR; };
		62226A942C4FC44500ACB53D /* AppDelegate.swift */ = {isa = PBXFileReference; lastKnownFileType = sourcecode.swift; path = AppDelegate.swift; sourceTree = "<group>"; };
		62226A962C4FC44500ACB53D /* SceneDelegate.swift */ = {isa = PBXFileReference; lastKnownFileType = sourcecode.swift; path = SceneDelegate.swift; sourceTree = "<group>"; };
		62226A9D2C4FC44600ACB53D /* Assets.xcassets */ = {isa = PBXFileReference; lastKnownFileType = folder.assetcatalog; path = Assets.xcassets; sourceTree = "<group>"; };
		62226AA02C4FC44600ACB53D /* Base */ = {isa = PBXFileReference; lastKnownFileType = file.storyboard; name = Base; path = Base.lproj/LaunchScreen.storyboard; sourceTree = "<group>"; };
		62226AA22C4FC44600ACB53D /* Info.plist */ = {isa = PBXFileReference; lastKnownFileType = text.plist.xml; path = Info.plist; sourceTree = "<group>"; };
		62226AA82C4FCAAD00ACB53D /* Splash.storyboard */ = {isa = PBXFileReference; lastKnownFileType = file.storyboard; path = Splash.storyboard; sourceTree = "<group>"; };
		62226AAA2C4FCAE000ACB53D /* SplashViewController.swift */ = {isa = PBXFileReference; lastKnownFileType = sourcecode.swift; path = SplashViewController.swift; sourceTree = "<group>"; };
		62226AB32C4FDEA800ACB53D /* Images.xcassets */ = {isa = PBXFileReference; lastKnownFileType = folder.assetcatalog; path = Images.xcassets; sourceTree = "<group>"; };
		62226AB52C4FE06200ACB53D /* CPImages.swift */ = {isa = PBXFileReference; lastKnownFileType = sourcecode.swift; path = CPImages.swift; sourceTree = "<group>"; };
		62226AB72C4FE38800ACB53D /* Colors.xcassets */ = {isa = PBXFileReference; lastKnownFileType = folder.assetcatalog; path = Colors.xcassets; sourceTree = "<group>"; };
		62226ABA2C4FE65B00ACB53D /* CPColor.swift */ = {isa = PBXFileReference; lastKnownFileType = sourcecode.swift; path = CPColor.swift; sourceTree = "<group>"; };
		62226ABC2C4FE83900ACB53D /* CPFont.swift */ = {isa = PBXFileReference; lastKnownFileType = sourcecode.swift; path = CPFont.swift; sourceTree = "<group>"; };
		62330E772C591C8B00E3ABF6 /* DetailOptionView.swift */ = {isa = PBXFileReference; lastKnownFileType = sourcecode.swift; path = DetailOptionView.swift; sourceTree = "<group>"; };
		62330E792C5920F100E3ABF6 /* DetailPriceView.swift */ = {isa = PBXFileReference; lastKnownFileType = sourcecode.swift; path = DetailPriceView.swift; sourceTree = "<group>"; };
		62330E7B2C592DBB00E3ABF6 /* DetailMoreView.swift */ = {isa = PBXFileReference; lastKnownFileType = sourcecode.swift; path = DetailMoreView.swift; sourceTree = "<group>"; };
		62330E7D2C592EFC00E3ABF6 /* DetailPurchaseView.swift */ = {isa = PBXFileReference; lastKnownFileType = sourcecode.swift; path = DetailPurchaseView.swift; sourceTree = "<group>"; };
		62338BFD2C540AD100FFAF59 /* HomeCouponButtonCollectionViewCell.swift */ = {isa = PBXFileReference; lastKnownFileType = sourcecode.swift; path = HomeCouponButtonCollectionViewCell.swift; sourceTree = "<group>"; };
		624CA6892C525185000634E0 /* NetworkService.swift */ = {isa = PBXFileReference; lastKnownFileType = sourcecode.swift; path = NetworkService.swift; sourceTree = "<group>"; };
		624CA68C2C5252C5000634E0 /* HomeResponse.swift */ = {isa = PBXFileReference; lastKnownFileType = sourcecode.swift; path = HomeResponse.swift; sourceTree = "<group>"; };
		6251C9FF2C5B8E5100CBF2E1 /* PurchaseRootView.swift */ = {isa = PBXFileReference; lastKnownFileType = sourcecode.swift; path = PurchaseRootView.swift; sourceTree = "<group>"; };
		6251CA022C5B953900CBF2E1 /* PaymentViewController.swift */ = {isa = PBXFileReference; lastKnownFileType = sourcecode.swift; path = PaymentViewController.swift; sourceTree = "<group>"; };
		6251CA042C5B954A00CBF2E1 /* PaymentViewModel.swift */ = {isa = PBXFileReference; lastKnownFileType = sourcecode.swift; path = PaymentViewModel.swift; sourceTree = "<group>"; };
		6251CA062C5B974E00CBF2E1 /* test.html */ = {isa = PBXFileReference; fileEncoding = 4; lastKnownFileType = text.html; path = test.html; sourceTree = "<group>"; };
		625423C42C5797C800C55078 /* Favorite.storyboard */ = {isa = PBXFileReference; lastKnownFileType = file.storyboard; path = Favorite.storyboard; sourceTree = "<group>"; };
		625423C62C5797D700C55078 /* FavoriteViewController.swift */ = {isa = PBXFileReference; lastKnownFileType = sourcecode.swift; path = FavoriteViewController.swift; sourceTree = "<group>"; };
		625423C82C5797E900C55078 /* FavoriteViewModel.swift */ = {isa = PBXFileReference; lastKnownFileType = sourcecode.swift; path = FavoriteViewModel.swift; sourceTree = "<group>"; };
		625423CA2C57C7A100C55078 /* FavoriteResponse.swift */ = {isa = PBXFileReference; lastKnownFileType = sourcecode.swift; path = FavoriteResponse.swift; sourceTree = "<group>"; };
		625423CC2C57C80A00C55078 /* Product.swift */ = {isa = PBXFileReference; lastKnownFileType = sourcecode.swift; path = Product.swift; sourceTree = "<group>"; };
		625423CF2C57CEE600C55078 /* PurchaseButton.swift */ = {isa = PBXFileReference; lastKnownFileType = sourcecode.swift; path = PurchaseButton.swift; sourceTree = "<group>"; };
		625423D12C57CF9C00C55078 /* FavoriteItemTableViewCell.swift */ = {isa = PBXFileReference; lastKnownFileType = sourcecode.swift; path = FavoriteItemTableViewCell.swift; sourceTree = "<group>"; };
		625423D52C57F53E00C55078 /* DetailRootView.swift */ = {isa = PBXFileReference; lastKnownFileType = sourcecode.swift; path = DetailRootView.swift; sourceTree = "<group>"; };
		625423D72C57F56800C55078 /* DetailViewModel.swift */ = {isa = PBXFileReference; lastKnownFileType = sourcecode.swift; path = DetailViewModel.swift; sourceTree = "<group>"; };
		625423D92C57FC1300C55078 /* ProductDetailResponse.swift */ = {isa = PBXFileReference; lastKnownFileType = sourcecode.swift; path = ProductDetailResponse.swift; sourceTree = "<group>"; };
		625D838F2C59653B006187D3 /* Detail.storyboard */ = {isa = PBXFileReference; lastKnownFileType = file.storyboard; path = Detail.storyboard; sourceTree = "<group>"; };
		625D83912C59654D006187D3 /* DetailViewController.swift */ = {isa = PBXFileReference; lastKnownFileType = sourcecode.swift; path = DetailViewController.swift; sourceTree = "<group>"; };
		625D83942C596983006187D3 /* OptionViewController.swift */ = {isa = PBXFileReference; lastKnownFileType = sourcecode.swift; path = OptionViewController.swift; sourceTree = "<group>"; };
		625D83962C59698A006187D3 /* OptionViewModel.swift */ = {isa = PBXFileReference; lastKnownFileType = sourcecode.swift; path = OptionViewModel.swift; sourceTree = "<group>"; };
		625D839A2C596A44006187D3 /* OptionRootView.swift */ = {isa = PBXFileReference; lastKnownFileType = sourcecode.swift; path = OptionRootView.swift; sourceTree = "<group>"; };
		6273B52B2C551E7A00F2C464 /* HomeSpearateLineCollectionViewCell.swift */ = {isa = PBXFileReference; lastKnownFileType = sourcecode.swift; path = HomeSpearateLineCollectionViewCell.swift; sourceTree = "<group>"; };
		6273B52D2C552D7700F2C464 /* HomeThemeCollectionViewCell.swift */ = {isa = PBXFileReference; lastKnownFileType = sourcecode.swift; path = HomeThemeCollectionViewCell.swift; sourceTree = "<group>"; };
		6273B52F2C5532AC00F2C464 /* HomeThemeHeaderCollectionReusableView.swift */ = {isa = PBXFileReference; lastKnownFileType = sourcecode.swift; path = HomeThemeHeaderCollectionReusableView.swift; sourceTree = "<group>"; };
		627C4BE52C5A4AFE0094F710 /* PurchaseViewController.swift */ = {isa = PBXFileReference; lastKnownFileType = sourcecode.swift; path = PurchaseViewController.swift; sourceTree = "<group>"; };
		627C4BE72C5A4B0E0094F710 /* PurchaseViewModel.swift */ = {isa = PBXFileReference; lastKnownFileType = sourcecode.swift; path = PurchaseViewModel.swift; sourceTree = "<group>"; };
		629BDB5E2C5A58B4003B1E28 /* PurchaseSelectedItemView.swift */ = {isa = PBXFileReference; lastKnownFileType = sourcecode.swift; path = PurchaseSelectedItemView.swift; sourceTree = "<group>"; };
		62E5DE512C53A8A8007E7307 /* HomeViewModel.swift */ = {isa = PBXFileReference; lastKnownFileType = sourcecode.swift; path = HomeViewModel.swift; sourceTree = "<group>"; };
		62E5DE542C53FF73007E7307 /* Numeric+Extensions.swift */ = {isa = PBXFileReference; lastKnownFileType = sourcecode.swift; path = "Numeric+Extensions.swift"; sourceTree = "<group>"; };
/* End PBXFileReference section */

/* Begin PBXFrameworksBuildPhase section */
		62226A8E2C4FC44500ACB53D /* Frameworks */ = {
			isa = PBXFrameworksBuildPhase;
			buildActionMask = 2147483647;
			files = (
				62E5DE502C53A63F007E7307 /* Kingfisher in Frameworks */,
				62226AB12C4FDC5900ACB53D /* Lottie in Frameworks */,
			);
			runOnlyForDeploymentPostprocessing = 0;
		};
/* End PBXFrameworksBuildPhase section */

/* Begin PBXGroup section */
		620240DC2C511F1A0060AA8D /* Feature */ = {
			isa = PBXGroup;
			children = (
				6251CA012C5B952700CBF2E1 /* Payment */,
				627C4BE42C5A4AEE0094F710 /* Purchase */,
				625D83932C596960006187D3 /* Option */,
				625423D32C57F4BF00C55078 /* Detail */,
				625423C32C5797B700C55078 /* Favorite */,
				620240DE2C511F2E0060AA8D /* Home */,
				620240DD2C511F220060AA8D /* Splash */,
			);
			path = Feature;
			sourceTree = "<group>";
		};
		620240DD2C511F220060AA8D /* Splash */ = {
			isa = PBXGroup;
			children = (
				62226A9F2C4FC44600ACB53D /* LaunchScreen.storyboard */,
				62226AA82C4FCAAD00ACB53D /* Splash.storyboard */,
				62226AAA2C4FCAE000ACB53D /* SplashViewController.swift */,
			);
			path = Splash;
			sourceTree = "<group>";
		};
		620240DE2C511F2E0060AA8D /* Home */ = {
			isa = PBXGroup;
			children = (
				624CA6872C524B29000634E0 /* View */,
				620240DA2C511B470060AA8D /* HomeViewController.swift */,
				620240D82C511B390060AA8D /* Home.storyboard */,
				62E5DE512C53A8A8007E7307 /* HomeViewModel.swift */,
			);
			path = Home;
			sourceTree = "<group>";
		};
		620240DF2C511F520060AA8D /* Delegates */ = {
			isa = PBXGroup;
			children = (
				62226A942C4FC44500ACB53D /* AppDelegate.swift */,
				62226A962C4FC44500ACB53D /* SceneDelegate.swift */,
			);
			path = Delegates;
			sourceTree = "<group>";
		};
		62226A882C4FC44500ACB53D = {
			isa = PBXGroup;
			children = (
				62226A932C4FC44500ACB53D /* Cproject */,
				62226A922C4FC44500ACB53D /* Products */,
			);
			sourceTree = "<group>";
		};
		62226A922C4FC44500ACB53D /* Products */ = {
			isa = PBXGroup;
			children = (
				62226A912C4FC44500ACB53D /* Cproject.app */,
			);
			name = Products;
			sourceTree = "<group>";
		};
		62226A932C4FC44500ACB53D /* Cproject */ = {
			isa = PBXGroup;
			children = (
				62E5DE532C53FF5D007E7307 /* Extensions */,
				620240DF2C511F520060AA8D /* Delegates */,
				62226AB22C4FDE6D00ACB53D /* DesignSource */,
				624CA6882C525176000634E0 /* Network */,
				624CA68B2C5252A1000634E0 /* Model */,
				620240DC2C511F1A0060AA8D /* Feature */,
				62226AA22C4FC44600ACB53D /* Info.plist */,
				6251CA062C5B974E00CBF2E1 /* test.html */,
			);
			path = Cproject;
			sourceTree = "<group>";
		};
		62226AB22C4FDE6D00ACB53D /* DesignSource */ = {
			isa = PBXGroup;
			children = (
				62226A9D2C4FC44600ACB53D /* Assets.xcassets */,
				62226AB32C4FDEA800ACB53D /* Images.xcassets */,
				62226AB52C4FE06200ACB53D /* CPImages.swift */,
				62226AB72C4FE38800ACB53D /* Colors.xcassets */,
				62226ABA2C4FE65B00ACB53D /* CPColor.swift */,
				62226ABC2C4FE83900ACB53D /* CPFont.swift */,
			);
			path = DesignSource;
			sourceTree = "<group>";
		};
		624CA6872C524B29000634E0 /* View */ = {
			isa = PBXGroup;
			children = (
				620240E02C5126430060AA8D /* HomeBannerCollectionViewCell.swift */,
				620240E22C5130B00060AA8D /* HomeProductCollectionViewCell.swift */,
				62338BFD2C540AD100FFAF59 /* HomeCouponButtonCollectionViewCell.swift */,
				6273B52B2C551E7A00F2C464 /* HomeSpearateLineCollectionViewCell.swift */,
				6273B52D2C552D7700F2C464 /* HomeThemeCollectionViewCell.swift */,
				6273B52F2C5532AC00F2C464 /* HomeThemeHeaderCollectionReusableView.swift */,
			);
			path = View;
			sourceTree = "<group>";
		};
		624CA6882C525176000634E0 /* Network */ = {
			isa = PBXGroup;
			children = (
				624CA6892C525185000634E0 /* NetworkService.swift */,
			);
			path = Network;
			sourceTree = "<group>";
		};
		624CA68B2C5252A1000634E0 /* Model */ = {
			isa = PBXGroup;
			children = (
				624CA68C2C5252C5000634E0 /* HomeResponse.swift */,
				625423CA2C57C7A100C55078 /* FavoriteResponse.swift */,
				625423CC2C57C80A00C55078 /* Product.swift */,
				625423D92C57FC1300C55078 /* ProductDetailResponse.swift */,
			);
			path = Model;
			sourceTree = "<group>";
		};
		6251C9FE2C5B8E2800CBF2E1 /* View */ = {
			isa = PBXGroup;
			children = (
				6251C9FF2C5B8E5100CBF2E1 /* PurchaseRootView.swift */,
			);
			path = View;
			sourceTree = "<group>";
		};
		6251CA012C5B952700CBF2E1 /* Payment */ = {
			isa = PBXGroup;
			children = (
				6251CA022C5B953900CBF2E1 /* PaymentViewController.swift */,
				6251CA042C5B954A00CBF2E1 /* PaymentViewModel.swift */,
			);
			path = Payment;
			sourceTree = "<group>";
		};
		625423C32C5797B700C55078 /* Favorite */ = {
			isa = PBXGroup;
			children = (
				625423CE2C57CED600C55078 /* View */,
				625423C42C5797C800C55078 /* Favorite.storyboard */,
				625423C62C5797D700C55078 /* FavoriteViewController.swift */,
				625423C82C5797E900C55078 /* FavoriteViewModel.swift */,
			);
			path = Favorite;
			sourceTree = "<group>";
		};
		625423CE2C57CED600C55078 /* View */ = {
			isa = PBXGroup;
			children = (
				625423CF2C57CEE600C55078 /* PurchaseButton.swift */,
				625423D12C57CF9C00C55078 /* FavoriteItemTableViewCell.swift */,
			);
			path = View;
			sourceTree = "<group>";
		};
		625423D32C57F4BF00C55078 /* Detail */ = {
			isa = PBXGroup;
			children = (
				625423D42C57F52F00C55078 /* View */,
				625423D72C57F56800C55078 /* DetailViewModel.swift */,
				625D838F2C59653B006187D3 /* Detail.storyboard */,
				625D83912C59654D006187D3 /* DetailViewController.swift */,
			);
			path = Detail;
			sourceTree = "<group>";
		};
		625423D42C57F52F00C55078 /* View */ = {
			isa = PBXGroup;
			children = (
				621E4E992C58241A00F759DA /* DetailBannerView.swift */,
				625423D52C57F53E00C55078 /* DetailRootView.swift */,
				621E4E9B2C582A2A00F759DA /* DetailRateView.swift */,
				62330E772C591C8B00E3ABF6 /* DetailOptionView.swift */,
				62330E792C5920F100E3ABF6 /* DetailPriceView.swift */,
				62330E7B2C592DBB00E3ABF6 /* DetailMoreView.swift */,
				62330E7D2C592EFC00E3ABF6 /* DetailPurchaseView.swift */,
			);
			path = View;
			sourceTree = "<group>";
		};
		625D83932C596960006187D3 /* Option */ = {
			isa = PBXGroup;
			children = (
				625D83942C596983006187D3 /* OptionViewController.swift */,
				625D83962C59698A006187D3 /* OptionViewModel.swift */,
				625D839A2C596A44006187D3 /* OptionRootView.swift */,
			);
			path = Option;
			sourceTree = "<group>";
		};
		627C4BE42C5A4AEE0094F710 /* Purchase */ = {
			isa = PBXGroup;
			children = (
				6251C9FE2C5B8E2800CBF2E1 /* View */,
				627C4BE52C5A4AFE0094F710 /* PurchaseViewController.swift */,
				627C4BE72C5A4B0E0094F710 /* PurchaseViewModel.swift */,
				629BDB5E2C5A58B4003B1E28 /* PurchaseSelectedItemView.swift */,
			);
			path = Purchase;
			sourceTree = "<group>";
		};
		62E5DE532C53FF5D007E7307 /* Extensions */ = {
			isa = PBXGroup;
			children = (
				62E5DE542C53FF73007E7307 /* Numeric+Extensions.swift */,
			);
			path = Extensions;
			sourceTree = "<group>";
		};
/* End PBXGroup section */

/* Begin PBXNativeTarget section */
		62226A902C4FC44500ACB53D /* Cproject */ = {
			isa = PBXNativeTarget;
			buildConfigurationList = 62226AA52C4FC44600ACB53D /* Build configuration list for PBXNativeTarget "Cproject" */;
			buildPhases = (
				62226A8D2C4FC44500ACB53D /* Sources */,
				62226A8E2C4FC44500ACB53D /* Frameworks */,
				62226A8F2C4FC44500ACB53D /* Resources */,
			);
			buildRules = (
			);
			dependencies = (
			);
			name = Cproject;
			packageProductDependencies = (
				62226AB02C4FDC5900ACB53D /* Lottie */,
				62E5DE4F2C53A63F007E7307 /* Kingfisher */,
			);
			productName = Cproject;
			productReference = 62226A912C4FC44500ACB53D /* Cproject.app */;
			productType = "com.apple.product-type.application";
		};
/* End PBXNativeTarget section */

/* Begin PBXProject section */
		62226A892C4FC44500ACB53D /* Project object */ = {
			isa = PBXProject;
			attributes = {
				BuildIndependentTargetsInParallel = 1;
				LastSwiftUpdateCheck = 1530;
				LastUpgradeCheck = 1530;
				TargetAttributes = {
					62226A902C4FC44500ACB53D = {
						CreatedOnToolsVersion = 15.3;
					};
				};
			};
			buildConfigurationList = 62226A8C2C4FC44500ACB53D /* Build configuration list for PBXProject "Cproject" */;
			compatibilityVersion = "Xcode 14.0";
			developmentRegion = en;
			hasScannedForEncodings = 0;
			knownRegions = (
				en,
				Base,
			);
			mainGroup = 62226A882C4FC44500ACB53D;
			packageReferences = (
				62226AAF2C4FDC5900ACB53D /* XCRemoteSwiftPackageReference "lottie-ios" */,
				62E5DE4E2C53A63F007E7307 /* XCRemoteSwiftPackageReference "Kingfisher" */,
			);
			productRefGroup = 62226A922C4FC44500ACB53D /* Products */;
			projectDirPath = "";
			projectRoot = "";
			targets = (
				62226A902C4FC44500ACB53D /* Cproject */,
			);
		};
/* End PBXProject section */

/* Begin PBXResourcesBuildPhase section */
		62226A8F2C4FC44500ACB53D /* Resources */ = {
			isa = PBXResourcesBuildPhase;
			buildActionMask = 2147483647;
			files = (
				620240D92C511B390060AA8D /* Home.storyboard in Resources */,
				62226A9E2C4FC44600ACB53D /* Assets.xcassets in Resources */,
				625423C52C5797C800C55078 /* Favorite.storyboard in Resources */,
				625D83902C59653B006187D3 /* Detail.storyboard in Resources */,
				62226AB42C4FDEA800ACB53D /* Images.xcassets in Resources */,
				62226AA12C4FC44600ACB53D /* Base in Resources */,
				62226AB82C4FE38800ACB53D /* Colors.xcassets in Resources */,
				62226AA92C4FCAAD00ACB53D /* Splash.storyboard in Resources */,
				6251CA072C5B974E00CBF2E1 /* test.html in Resources */,
			);
			runOnlyForDeploymentPostprocessing = 0;
		};
/* End PBXResourcesBuildPhase section */

/* Begin PBXSourcesBuildPhase section */
		62226A8D2C4FC44500ACB53D /* Sources */ = {
			isa = PBXSourcesBuildPhase;
			buildActionMask = 2147483647;
			files = (
				625D83922C59654D006187D3 /* DetailViewController.swift in Sources */,
				6273B52C2C551E7A00F2C464 /* HomeSpearateLineCollectionViewCell.swift in Sources */,
				624CA68A2C525185000634E0 /* NetworkService.swift in Sources */,
				6251CA002C5B8E5100CBF2E1 /* PurchaseRootView.swift in Sources */,
				627C4BE62C5A4AFE0094F710 /* PurchaseViewController.swift in Sources */,
				625D83952C596983006187D3 /* OptionViewController.swift in Sources */,
				62E5DE552C53FF73007E7307 /* Numeric+Extensions.swift in Sources */,
				62226A952C4FC44500ACB53D /* AppDelegate.swift in Sources */,
				629BDB5F2C5A58B4003B1E28 /* PurchaseSelectedItemView.swift in Sources */,
				625423C72C5797D700C55078 /* FavoriteViewController.swift in Sources */,
				625D839B2C596A44006187D3 /* OptionRootView.swift in Sources */,
				62330E7A2C5920F100E3ABF6 /* DetailPriceView.swift in Sources */,
				620240E32C5130B00060AA8D /* HomeProductCollectionViewCell.swift in Sources */,
				62226ABB2C4FE65B00ACB53D /* CPColor.swift in Sources */,
				625423D22C57CF9C00C55078 /* FavoriteItemTableViewCell.swift in Sources */,
				625423C92C5797E900C55078 /* FavoriteViewModel.swift in Sources */,
				621E4E9C2C582A2A00F759DA /* DetailRateView.swift in Sources */,
				625423DA2C57FC1300C55078 /* ProductDetailResponse.swift in Sources */,
				62338BFE2C540AD100FFAF59 /* HomeCouponButtonCollectionViewCell.swift in Sources */,
				6251CA052C5B954A00CBF2E1 /* PaymentViewModel.swift in Sources */,
				6251CA032C5B953900CBF2E1 /* PaymentViewController.swift in Sources */,
				620240DB2C511B470060AA8D /* HomeViewController.swift in Sources */,
				625423D02C57CEE600C55078 /* PurchaseButton.swift in Sources */,
				62226ABD2C4FE83900ACB53D /* CPFont.swift in Sources */,
				625423D82C57F56800C55078 /* DetailViewModel.swift in Sources */,
				62226A972C4FC44500ACB53D /* SceneDelegate.swift in Sources */,
				62330E782C591C8B00E3ABF6 /* DetailOptionView.swift in Sources */,
				62E5DE522C53A8A8007E7307 /* HomeViewModel.swift in Sources */,
				621E4E9A2C58241A00F759DA /* DetailBannerView.swift in Sources */,
				62226AAB2C4FCAE000ACB53D /* SplashViewController.swift in Sources */,
				62226AB62C4FE06200ACB53D /* CPImages.swift in Sources */,
				625423D62C57F53E00C55078 /* DetailRootView.swift in Sources */,
				6273B52E2C552D7700F2C464 /* HomeThemeCollectionViewCell.swift in Sources */,
				627C4BE82C5A4B0E0094F710 /* PurchaseViewModel.swift in Sources */,
				62330E7C2C592DBB00E3ABF6 /* DetailMoreView.swift in Sources */,
				625423CB2C57C7A100C55078 /* FavoriteResponse.swift in Sources */,
				620240E12C5126430060AA8D /* HomeBannerCollectionViewCell.swift in Sources */,
				62330E7E2C592EFC00E3ABF6 /* DetailPurchaseView.swift in Sources */,
				625D83972C59698A006187D3 /* OptionViewModel.swift in Sources */,
				624CA68D2C5252C5000634E0 /* HomeResponse.swift in Sources */,
				6273B5302C5532AC00F2C464 /* HomeThemeHeaderCollectionReusableView.swift in Sources */,
				625423CD2C57C80A00C55078 /* Product.swift in Sources */,
			);
			runOnlyForDeploymentPostprocessing = 0;
		};
/* End PBXSourcesBuildPhase section */

/* Begin PBXVariantGroup section */
		62226A9F2C4FC44600ACB53D /* LaunchScreen.storyboard */ = {
			isa = PBXVariantGroup;
			children = (
				62226AA02C4FC44600ACB53D /* Base */,
			);
			name = LaunchScreen.storyboard;
			sourceTree = "<group>";
		};
/* End PBXVariantGroup section */

/* Begin XCBuildConfiguration section */
		62226AA32C4FC44600ACB53D /* Debug */ = {
			isa = XCBuildConfiguration;
			buildSettings = {
				ALWAYS_SEARCH_USER_PATHS = NO;
				ASSETCATALOG_COMPILER_GENERATE_SWIFT_ASSET_SYMBOL_EXTENSIONS = YES;
				CLANG_ANALYZER_NONNULL = YES;
				CLANG_ANALYZER_NUMBER_OBJECT_CONVERSION = YES_AGGRESSIVE;
				CLANG_CXX_LANGUAGE_STANDARD = "gnu++20";
				CLANG_ENABLE_MODULES = YES;
				CLANG_ENABLE_OBJC_ARC = YES;
				CLANG_ENABLE_OBJC_WEAK = YES;
				CLANG_WARN_BLOCK_CAPTURE_AUTORELEASING = YES;
				CLANG_WARN_BOOL_CONVERSION = YES;
				CLANG_WARN_COMMA = YES;
				CLANG_WARN_CONSTANT_CONVERSION = YES;
				CLANG_WARN_DEPRECATED_OBJC_IMPLEMENTATIONS = YES;
				CLANG_WARN_DIRECT_OBJC_ISA_USAGE = YES_ERROR;
				CLANG_WARN_DOCUMENTATION_COMMENTS = YES;
				CLANG_WARN_EMPTY_BODY = YES;
				CLANG_WARN_ENUM_CONVERSION = YES;
				CLANG_WARN_INFINITE_RECURSION = YES;
				CLANG_WARN_INT_CONVERSION = YES;
				CLANG_WARN_NON_LITERAL_NULL_CONVERSION = YES;
				CLANG_WARN_OBJC_IMPLICIT_RETAIN_SELF = YES;
				CLANG_WARN_OBJC_LITERAL_CONVERSION = YES;
				CLANG_WARN_OBJC_ROOT_CLASS = YES_ERROR;
				CLANG_WARN_QUOTED_INCLUDE_IN_FRAMEWORK_HEADER = YES;
				CLANG_WARN_RANGE_LOOP_ANALYSIS = YES;
				CLANG_WARN_STRICT_PROTOTYPES = YES;
				CLANG_WARN_SUSPICIOUS_MOVE = YES;
				CLANG_WARN_UNGUARDED_AVAILABILITY = YES_AGGRESSIVE;
				CLANG_WARN_UNREACHABLE_CODE = YES;
				CLANG_WARN__DUPLICATE_METHOD_MATCH = YES;
				COPY_PHASE_STRIP = NO;
				DEBUG_INFORMATION_FORMAT = dwarf;
				ENABLE_STRICT_OBJC_MSGSEND = YES;
				ENABLE_TESTABILITY = YES;
				ENABLE_USER_SCRIPT_SANDBOXING = YES;
				GCC_C_LANGUAGE_STANDARD = gnu17;
				GCC_DYNAMIC_NO_PIC = NO;
				GCC_NO_COMMON_BLOCKS = YES;
				GCC_OPTIMIZATION_LEVEL = 0;
				GCC_PREPROCESSOR_DEFINITIONS = (
					"DEBUG=1",
					"$(inherited)",
				);
				GCC_WARN_64_TO_32_BIT_CONVERSION = YES;
				GCC_WARN_ABOUT_RETURN_TYPE = YES_ERROR;
				GCC_WARN_UNDECLARED_SELECTOR = YES;
				GCC_WARN_UNINITIALIZED_AUTOS = YES_AGGRESSIVE;
				GCC_WARN_UNUSED_FUNCTION = YES;
				GCC_WARN_UNUSED_VARIABLE = YES;
				IPHONEOS_DEPLOYMENT_TARGET = 17.4;
				LOCALIZATION_PREFERS_STRING_CATALOGS = YES;
				MTL_ENABLE_DEBUG_INFO = INCLUDE_SOURCE;
				MTL_FAST_MATH = YES;
				ONLY_ACTIVE_ARCH = YES;
				SDKROOT = iphoneos;
				SWIFT_ACTIVE_COMPILATION_CONDITIONS = "DEBUG $(inherited)";
				SWIFT_OPTIMIZATION_LEVEL = "-Onone";
			};
			name = Debug;
		};
		62226AA42C4FC44600ACB53D /* Release */ = {
			isa = XCBuildConfiguration;
			buildSettings = {
				ALWAYS_SEARCH_USER_PATHS = NO;
				ASSETCATALOG_COMPILER_GENERATE_SWIFT_ASSET_SYMBOL_EXTENSIONS = YES;
				CLANG_ANALYZER_NONNULL = YES;
				CLANG_ANALYZER_NUMBER_OBJECT_CONVERSION = YES_AGGRESSIVE;
				CLANG_CXX_LANGUAGE_STANDARD = "gnu++20";
				CLANG_ENABLE_MODULES = YES;
				CLANG_ENABLE_OBJC_ARC = YES;
				CLANG_ENABLE_OBJC_WEAK = YES;
				CLANG_WARN_BLOCK_CAPTURE_AUTORELEASING = YES;
				CLANG_WARN_BOOL_CONVERSION = YES;
				CLANG_WARN_COMMA = YES;
				CLANG_WARN_CONSTANT_CONVERSION = YES;
				CLANG_WARN_DEPRECATED_OBJC_IMPLEMENTATIONS = YES;
				CLANG_WARN_DIRECT_OBJC_ISA_USAGE = YES_ERROR;
				CLANG_WARN_DOCUMENTATION_COMMENTS = YES;
				CLANG_WARN_EMPTY_BODY = YES;
				CLANG_WARN_ENUM_CONVERSION = YES;
				CLANG_WARN_INFINITE_RECURSION = YES;
				CLANG_WARN_INT_CONVERSION = YES;
				CLANG_WARN_NON_LITERAL_NULL_CONVERSION = YES;
				CLANG_WARN_OBJC_IMPLICIT_RETAIN_SELF = YES;
				CLANG_WARN_OBJC_LITERAL_CONVERSION = YES;
				CLANG_WARN_OBJC_ROOT_CLASS = YES_ERROR;
				CLANG_WARN_QUOTED_INCLUDE_IN_FRAMEWORK_HEADER = YES;
				CLANG_WARN_RANGE_LOOP_ANALYSIS = YES;
				CLANG_WARN_STRICT_PROTOTYPES = YES;
				CLANG_WARN_SUSPICIOUS_MOVE = YES;
				CLANG_WARN_UNGUARDED_AVAILABILITY = YES_AGGRESSIVE;
				CLANG_WARN_UNREACHABLE_CODE = YES;
				CLANG_WARN__DUPLICATE_METHOD_MATCH = YES;
				COPY_PHASE_STRIP = NO;
				DEBUG_INFORMATION_FORMAT = "dwarf-with-dsym";
				ENABLE_NS_ASSERTIONS = NO;
				ENABLE_STRICT_OBJC_MSGSEND = YES;
				ENABLE_USER_SCRIPT_SANDBOXING = YES;
				GCC_C_LANGUAGE_STANDARD = gnu17;
				GCC_NO_COMMON_BLOCKS = YES;
				GCC_WARN_64_TO_32_BIT_CONVERSION = YES;
				GCC_WARN_ABOUT_RETURN_TYPE = YES_ERROR;
				GCC_WARN_UNDECLARED_SELECTOR = YES;
				GCC_WARN_UNINITIALIZED_AUTOS = YES_AGGRESSIVE;
				GCC_WARN_UNUSED_FUNCTION = YES;
				GCC_WARN_UNUSED_VARIABLE = YES;
				IPHONEOS_DEPLOYMENT_TARGET = 17.4;
				LOCALIZATION_PREFERS_STRING_CATALOGS = YES;
				MTL_ENABLE_DEBUG_INFO = NO;
				MTL_FAST_MATH = YES;
				SDKROOT = iphoneos;
				SWIFT_COMPILATION_MODE = wholemodule;
				VALIDATE_PRODUCT = YES;
			};
			name = Release;
		};
		62226AA62C4FC44600ACB53D /* Debug */ = {
			isa = XCBuildConfiguration;
			buildSettings = {
				ASSETCATALOG_COMPILER_APPICON_NAME = AppIcon;
				ASSETCATALOG_COMPILER_GLOBAL_ACCENT_COLOR_NAME = AccentColor;
				CODE_SIGN_STYLE = Automatic;
				CURRENT_PROJECT_VERSION = 1;
				DEVELOPMENT_TEAM = RN4W7LDT7Y;
				GENERATE_INFOPLIST_FILE = YES;
				INFOPLIST_FILE = Cproject/Info.plist;
				INFOPLIST_KEY_UIApplicationSupportsIndirectInputEvents = YES;
				INFOPLIST_KEY_UILaunchStoryboardName = LaunchScreen;
				INFOPLIST_KEY_UIMainStoryboardFile = Splash;
				INFOPLIST_KEY_UISupportedInterfaceOrientations_iPad = "UIInterfaceOrientationPortrait UIInterfaceOrientationPortraitUpsideDown UIInterfaceOrientationLandscapeLeft UIInterfaceOrientationLandscapeRight";
				INFOPLIST_KEY_UISupportedInterfaceOrientations_iPhone = "UIInterfaceOrientationPortrait UIInterfaceOrientationLandscapeLeft UIInterfaceOrientationLandscapeRight";
				LD_RUNPATH_SEARCH_PATHS = (
					"$(inherited)",
					"@executable_path/Frameworks",
				);
				MARKETING_VERSION = 1.0;
				PRODUCT_BUNDLE_IDENTIFIER = "kr.co.Seo-garden.Cproject";
				PRODUCT_NAME = "$(TARGET_NAME)";
				SWIFT_EMIT_LOC_STRINGS = YES;
				SWIFT_VERSION = 5.0;
				TARGETED_DEVICE_FAMILY = "1,2";
			};
			name = Debug;
		};
		62226AA72C4FC44600ACB53D /* Release */ = {
			isa = XCBuildConfiguration;
			buildSettings = {
				ASSETCATALOG_COMPILER_APPICON_NAME = AppIcon;
				ASSETCATALOG_COMPILER_GLOBAL_ACCENT_COLOR_NAME = AccentColor;
				CODE_SIGN_STYLE = Automatic;
				CURRENT_PROJECT_VERSION = 1;
				DEVELOPMENT_TEAM = RN4W7LDT7Y;
				GENERATE_INFOPLIST_FILE = YES;
				INFOPLIST_FILE = Cproject/Info.plist;
				INFOPLIST_KEY_UIApplicationSupportsIndirectInputEvents = YES;
				INFOPLIST_KEY_UILaunchStoryboardName = LaunchScreen;
				INFOPLIST_KEY_UIMainStoryboardFile = Splash;
				INFOPLIST_KEY_UISupportedInterfaceOrientations_iPad = "UIInterfaceOrientationPortrait UIInterfaceOrientationPortraitUpsideDown UIInterfaceOrientationLandscapeLeft UIInterfaceOrientationLandscapeRight";
				INFOPLIST_KEY_UISupportedInterfaceOrientations_iPhone = "UIInterfaceOrientationPortrait UIInterfaceOrientationLandscapeLeft UIInterfaceOrientationLandscapeRight";
				LD_RUNPATH_SEARCH_PATHS = (
					"$(inherited)",
					"@executable_path/Frameworks",
				);
				MARKETING_VERSION = 1.0;
				PRODUCT_BUNDLE_IDENTIFIER = "kr.co.Seo-garden.Cproject";
				PRODUCT_NAME = "$(TARGET_NAME)";
				SWIFT_EMIT_LOC_STRINGS = YES;
				SWIFT_VERSION = 5.0;
				TARGETED_DEVICE_FAMILY = "1,2";
			};
			name = Release;
		};
/* End XCBuildConfiguration section */

/* Begin XCConfigurationList section */
		62226A8C2C4FC44500ACB53D /* Build configuration list for PBXProject "Cproject" */ = {
			isa = XCConfigurationList;
			buildConfigurations = (
				62226AA32C4FC44600ACB53D /* Debug */,
				62226AA42C4FC44600ACB53D /* Release */,
			);
			defaultConfigurationIsVisible = 0;
			defaultConfigurationName = Release;
		};
		62226AA52C4FC44600ACB53D /* Build configuration list for PBXNativeTarget "Cproject" */ = {
			isa = XCConfigurationList;
			buildConfigurations = (
				62226AA62C4FC44600ACB53D /* Debug */,
				62226AA72C4FC44600ACB53D /* Release */,
			);
			defaultConfigurationIsVisible = 0;
			defaultConfigurationName = Release;
		};
/* End XCConfigurationList section */

/* Begin XCRemoteSwiftPackageReference section */
		62226AAF2C4FDC5900ACB53D /* XCRemoteSwiftPackageReference "lottie-ios" */ = {
			isa = XCRemoteSwiftPackageReference;
			repositoryURL = "https://github.com/airbnb/lottie-ios.git";
			requirement = {
				kind = upToNextMajorVersion;
				minimumVersion = 4.5.0;
			};
		};
		62E5DE4E2C53A63F007E7307 /* XCRemoteSwiftPackageReference "Kingfisher" */ = {
			isa = XCRemoteSwiftPackageReference;
			repositoryURL = "https://github.com/onevcat/Kingfisher.git";
			requirement = {
				kind = upToNextMajorVersion;
				minimumVersion = 7.12.0;
			};
		};
/* End XCRemoteSwiftPackageReference section */

/* Begin XCSwiftPackageProductDependency section */
		62226AB02C4FDC5900ACB53D /* Lottie */ = {
			isa = XCSwiftPackageProductDependency;
			package = 62226AAF2C4FDC5900ACB53D /* XCRemoteSwiftPackageReference "lottie-ios" */;
			productName = Lottie;
		};
		62E5DE4F2C53A63F007E7307 /* Kingfisher */ = {
			isa = XCSwiftPackageProductDependency;
			package = 62E5DE4E2C53A63F007E7307 /* XCRemoteSwiftPackageReference "Kingfisher" */;
			productName = Kingfisher;
		};
/* End XCSwiftPackageProductDependency section */
	};
	rootObject = 62226A892C4FC44500ACB53D /* Project object */;
}
